// !$*UTF8*$!
{
	archiveVersion = 1;
	classes = {
	};
	objectVersion = 46;
	objects = {

/* Begin PBXBuildFile section */
		CEEBE9F620BF9306001497EE /* AppDelegate.swift in Sources */ = {isa = PBXBuildFile; fileRef = CEEBE9F520BF9306001497EE /* AppDelegate.swift */; };
		CEEBE9F820BF9306001497EE /* ViewController.swift in Sources */ = {isa = PBXBuildFile; fileRef = CEEBE9F720BF9306001497EE /* ViewController.swift */; };
		CEEBE9FB20BF9306001497EE /* Main.storyboard in Resources */ = {isa = PBXBuildFile; fileRef = CEEBE9F920BF9306001497EE /* Main.storyboard */; };
		CEEBE9FD20BF9306001497EE /* Assets.xcassets in Resources */ = {isa = PBXBuildFile; fileRef = CEEBE9FC20BF9306001497EE /* Assets.xcassets */; };
		CEEBEA0020BF9306001497EE /* LaunchScreen.storyboard in Resources */ = {isa = PBXBuildFile; fileRef = CEEBE9FE20BF9306001497EE /* LaunchScreen.storyboard */; };
/* End PBXBuildFile section */

/* Begin PBXFileReference section */
		CEEBE9F220BF9306001497EE /* livestraming.app */ = {isa = PBXFileReference; explicitFileType = wrapper.application; includeInIndex = 0; path = livestraming.app; sourceTree = BUILT_PRODUCTS_DIR; };
		CEEBE9F520BF9306001497EE /* AppDelegate.swift */ = {isa = PBXFileReference; lastKnownFileType = sourcecode.swift; path = AppDelegate.swift; sourceTree = "<group>"; };
		CEEBE9F720BF9306001497EE /* ViewController.swift */ = {isa = PBXFileReference; lastKnownFileType = sourcecode.swift; path = ViewController.swift; sourceTree = "<group>"; };
		CEEBE9FA20BF9306001497EE /* Base */ = {isa = PBXFileReference; lastKnownFileType = file.storyboard; name = Base; path = Base.lproj/Main.storyboard; sourceTree = "<group>"; };
		CEEBE9FC20BF9306001497EE /* Assets.xcassets */ = {isa = PBXFileReference; lastKnownFileType = folder.assetcatalog; path = Assets.xcassets; sourceTree = "<group>"; };
		CEEBE9FF20BF9306001497EE /* Base */ = {isa = PBXFileReference; lastKnownFileType = file.storyboard; name = Base; path = Base.lproj/LaunchScreen.storyboard; sourceTree = "<group>"; };
		CEEBEA0120BF9306001497EE /* Info.plist */ = {isa = PBXFileReference; lastKnownFileType = text.plist.xml; path = Info.plist; sourceTree = "<group>"; };
/* End PBXFileReference section */

/* Begin PBXFrameworksBuildPhase section */
		CEEBE9EF20BF9306001497EE /* Frameworks */ = {
			isa = PBXFrameworksBuildPhase;
			buildActionMask = 2147483647;
			files = (
			);
			runOnlyForDeploymentPostprocessing = 0;
		};
/* End PBXFrameworksBuildPhase section */

/* Begin PBXGroup section */
		CEEBE9E920BF9306001497EE = {
			isa = PBXGroup;
			children = (
				CEEBE9F420BF9306001497EE /* livestraming */,
				CEEBE9F320BF9306001497EE /* Products */,
			);
			sourceTree = "<group>";
		};
		CEEBE9F320BF9306001497EE /* Products */ = {
			isa = PBXGroup;
			children = (
				CEEBE9F220BF9306001497EE /* livestraming.app */,
			);
			name = Products;
			sourceTree = "<group>";
		};
		CEEBE9F420BF9306001497EE /* livestraming */ = {
			isa = PBXGroup;
			children = (
				CEEBE9F520BF9306001497EE /* AppDelegate.swift */,
				CEEBE9F720BF9306001497EE /* ViewController.swift */,
				CEEBE9F920BF9306001497EE /* Main.storyboard */,
				CEEBE9FC20BF9306001497EE /* Assets.xcassets */,
				CEEBE9FE20BF9306001497EE /* LaunchScreen.storyboard */,
				CEEBEA0120BF9306001497EE /* Info.plist */,
			);
			path = livestraming;
			sourceTree = "<group>";
		};
/* End PBXGroup section */

/* Begin PBXNativeTarget section */
		CEEBE9F120BF9306001497EE /* livestraming */ = {
			isa = PBXNativeTarget;
			buildConfigurationList = CEEBEA0420BF9306001497EE /* Build configuration list for PBXNativeTarget "livestraming" */;
			buildPhases = (
				CEEBE9EE20BF9306001497EE /* Sources */,
				CEEBE9EF20BF9306001497EE /* Frameworks */,
				CEEBE9F020BF9306001497EE /* Resources */,
			);
			buildRules = (
			);
			dependencies = (
			);
			name = livestraming;
			productName = livestraming;
			productReference = CEEBE9F220BF9306001497EE /* livestraming.app */;
			productType = "com.apple.product-type.application";
		};
/* End PBXNativeTarget section */

/* Begin PBXProject section */
		CEEBE9EA20BF9306001497EE /* Project object */ = {
			isa = PBXProject;
			attributes = {
				LastSwiftUpdateCheck = 0820;
				LastUpgradeCheck = 0820;
				ORGANIZATIONNAME = Trispective;
				TargetAttributes = {
					CEEBE9F120BF9306001497EE = {
						CreatedOnToolsVersion = 8.2.1;
						ProvisioningStyle = Automatic;
					};
				};
			};
			buildConfigurationList = CEEBE9ED20BF9306001497EE /* Build configuration list for PBXProject "livestraming" */;
			compatibilityVersion = "Xcode 3.2";
			developmentRegion = English;
			hasScannedForEncodings = 0;
			knownRegions = (
				en,
				Base,
			);
			mainGroup = CEEBE9E920BF9306001497EE;
			productRefGroup = CEEBE9F320BF9306001497EE /* Products */;
			projectDirPath = "";
			projectRoot = "";
			targets = (
				CEEBE9F120BF9306001497EE /* livestraming */,
			);
		};
/* End PBXProject section */

/* Begin PBXResourcesBuildPhase section */
		CEEBE9F020BF9306001497EE /* Resources */ = {
			isa = PBXResourcesBuildPhase;
			buildActionMask = 2147483647;
			files = (
				CEEBEA0020BF9306001497EE /* LaunchScreen.storyboard in Resources */,
				CEEBE9FD20BF9306001497EE /* Assets.xcassets in Resources */,
				CEEBE9FB20BF9306001497EE /* Main.storyboard in Resources */,
			);
			runOnlyForDeploymentPostprocessing = 0;
		};
/* End PBXResourcesBuildPhase section */

/* Begin PBXSourcesBuildPhase section */
		CEEBE9EE20BF9306001497EE /* Sources */ = {
			isa = PBXSourcesBuildPhase;
			buildActionMask = 2147483647;
			files = (
				CEEBE9F820BF9306001497EE /* ViewController.swift in Sources */,
				CEEBE9F620BF9306001497EE /* AppDelegate.swift in Sources */,
			);
			runOnlyForDeploymentPostprocessing = 0;
		};
/* End PBXSourcesBuildPhase section */

/* Begin PBXVariantGroup section */
		CEEBE9F920BF9306001497EE /* Main.storyboard */ = {
			isa = PBXVariantGroup;
			children = (
				CEEBE9FA20BF9306001497EE /* Base */,
			);
			name = Main.storyboard;
			sourceTree = "<group>";
		};
		CEEBE9FE20BF9306001497EE /* LaunchScreen.storyboard */ = {
			isa = PBXVariantGroup;
			children = (
				CEEBE9FF20BF9306001497EE /* Base */,
			);
			name = LaunchScreen.storyboard;
			sourceTree = "<group>";
		};
/* End PBXVariantGroup section */

/* Begin XCBuildConfiguration section */
		CEEBEA0220BF9306001497EE /* Debug */ = {
			isa = XCBuildConfiguration;
			buildSettings = {
				ALWAYS_SEARCH_USER_PATHS = NO;
				CLANG_ANALYZER_NONNULL = YES;
				CLANG_CXX_LANGUAGE_STANDARD = "gnu++0x";
				CLANG_CXX_LIBRARY = "libc++";
				CLANG_ENABLE_MODULES = YES;
				CLANG_ENABLE_OBJC_ARC = YES;
				CLANG_WARN_BOOL_CONVERSION = YES;
				CLANG_WARN_CONSTANT_CONVERSION = YES;
				CLANG_WARN_DIRECT_OBJC_ISA_USAGE = YES_ERROR;
				CLANG_WARN_DOCUMENTATION_COMMENTS = YES;
				CLANG_WARN_EMPTY_BODY = YES;
				CLANG_WARN_ENUM_CONVERSION = YES;
				CLANG_WARN_INFINITE_RECURSION = YES;
				CLANG_WARN_INT_CONVERSION = YES;
				CLANG_WARN_OBJC_ROOT_CLASS = YES_ERROR;
				CLANG_WARN_SUSPICIOUS_MOVE = YES;
				CLANG_WARN_UNREACHABLE_CODE = YES;
				CLANG_WARN__DUPLICATE_METHOD_MATCH = YES;
				"CODE_SIGN_IDENTITY[sdk=iphoneos*]" = "iPhone Developer";
				COPY_PHASE_STRIP = NO;
				DEBUG_INFORMATION_FORMAT = dwarf;
				ENABLE_STRICT_OBJC_MSGSEND = YES;
				ENABLE_TESTABILITY = YES;
				GCC_C_LANGUAGE_STANDARD = gnu99;
				GCC_DYNAMIC_NO_PIC = NO;
				GCC_NO_COMMON_BLOCKS = YES;
				GCC_OPTIMIZATION_LEVEL = 0;
				GCC_PREPROCESSOR_DEFINITIONS = (
					"DEBUG=1",
					"$(inherited)",
				);
				GCC_WARN_64_TO_32_BIT_CONVERSION = YES;
				GCC_WARN_ABOUT_RETURN_TYPE = YES_ERROR;
				GCC_WARN_UNDECLARED_SELECTOR = YES;
				GCC_WARN_UNINITIALIZED_AUTOS = YES_AGGRESSIVE;
				GCC_WARN_UNUSED_FUNCTION = YES;
				GCC_WARN_UNUSED_VARIABLE = YES;
				IPHONEOS_DEPLOYMENT_TARGET = 10.2;
				MTL_ENABLE_DEBUG_INFO = YES;
				ONLY_ACTIVE_ARCH = YES;
				SDKROOT = iphoneos;
				SWIFT_ACTIVE_COMPILATION_CONDITIONS = DEBUG;
				SWIFT_OPTIMIZATION_LEVEL = "-Onone";
			};
			name = Debug;
		};
		CEEBEA0320BF9306001497EE /* Release */ = {
			isa = XCBuildConfiguration;
			buildSettings = {
				ALWAYS_SEARCH_USER_PATHS = NO;
				CLANG_ANALYZER_NONNULL = YES;
				CLANG_CXX_LANGUAGE_STANDARD = "gnu++0x";
				CLANG_CXX_LIBRARY = "libc++";
				CLANG_ENABLE_MODULES = YES;
				CLANG_ENABLE_OBJC_ARC = YES;
				CLANG_WARN_BOOL_CONVERSION = YES;
				CLANG_WARN_CONSTANT_CONVERSION = YES;
				CLANG_WARN_DIRECT_OBJC_ISA_USAGE = YES_ERROR;
				CLANG_WARN_DOCUMENTATION_COMMENTS = YES;
				CLANG_WARN_EMPTY_BODY = YES;
				CLANG_WARN_ENUM_CONVERSION = YES;
				CLANG_WARN_INFINITE_RECURSION = YES;
				CLANG_WARN_INT_CONVERSION = YES;
				CLANG_WARN_OBJC_ROOT_CLASS = YES_ERROR;
				CLANG_WARN_SUSPICIOUS_MOVE = YES;
				CLANG_WARN_UNREACHABLE_CODE = YES;
				CLANG_WARN__DUPLICATE_METHOD_MATCH = YES;
				"CODE_SIGN_IDENTITY[sdk=iphoneos*]" = "iPhone Developer";
				COPY_PHASE_STRIP = NO;
				DEBUG_INFORMATION_FORMAT = "dwarf-with-dsym";
				ENABLE_NS_ASSERTIONS = NO;
				ENABLE_STRICT_OBJC_MSGSEND = YES;
				GCC_C_LANGUAGE_STANDARD = gnu99;
				GCC_NO_COMMON_BLOCKS = YES;
				GCC_WARN_64_TO_32_BIT_CONVERSION = YES;
				GCC_WARN_ABOUT_RETURN_TYPE = YES_ERROR;
				GCC_WARN_UNDECLARED_SELECTOR = YES;
				GCC_WARN_UNINITIALIZED_AUTOS = YES_AGGRESSIVE;
				GCC_WARN_UNUSED_FUNCTION = YES;
				GCC_WARN_UNUSED_VARIABLE = YES;
				IPHONEOS_DEPLOYMENT_TARGET = 10.2;
				MTL_ENABLE_DEBUG_INFO = NO;
				SDKROOT = iphoneos;
				SWIFT_OPTIMIZATION_LEVEL = "-Owholemodule";
				VALIDATE_PRODUCT = YES;
			};
			name = Release;
		};
		CEEBEA0520BF9306001497EE /* Debug */ = {
			isa = XCBuildConfiguration;
			buildSettings = {
				ASSETCATALOG_COMPILER_APPICON_NAME = AppIcon;
				ASSETCATALOG_COMPILER_LAUNCHIMAGE_NAME = LaunchImage;
				INFOPLIST_FILE = livestraming/Info.plist;
				LD_RUNPATH_SEARCH_PATHS = "$(inherited) @executable_path/Frameworks";
				PRODUCT_BUNDLE_IDENTIFIER = nerohe.livestraming;
				PRODUCT_NAME = "$(TARGET_NAME)";
				SWIFT_VERSION = 3.0;
			};
			name = Debug;
		};
		CEEBEA0620BF9306001497EE /* Release */ = {
			isa = XCBuildConfiguration;
			buildSettings = {
				ASSETCATALOG_COMPILER_APPICON_NAME = AppIcon;
				ASSETCATALOG_COMPILER_LAUNCHIMAGE_NAME = LaunchImage;
				INFOPLIST_FILE = livestraming/Info.plist;
				LD_RUNPATH_SEARCH_PATHS = "$(inherited) @executable_path/Frameworks";
				PRODUCT_BUNDLE_IDENTIFIER = nerohe.livestraming;
				PRODUCT_NAME = "$(TARGET_NAME)";
				SWIFT_VERSION = 3.0;
			};
			name = Release;
		};
/* End XCBuildConfiguration section */

/* Begin XCConfigurationList section */
		CEEBE9ED20BF9306001497EE /* Build configuration list for PBXProject "livestraming" */ = {
			isa = XCConfigurationList;
			buildConfigurations = (
				CEEBEA0220BF9306001497EE /* Debug */,
				CEEBEA0320BF9306001497EE /* Release */,
			);
			defaultConfigurationIsVisible = 0;
			defaultConfigurationName = Release;
		};
		CEEBEA0420BF9306001497EE /* Build configuration list for PBXNativeTarget "livestraming" */ = {
			isa = XCConfigurationList;
			buildConfigurations = (
				CEEBEA0520BF9306001497EE /* Debug */,
				CEEBEA0620BF9306001497EE /* Release */,
			);
			defaultConfigurationIsVisible = 0;
			defaultConfigurationName = Release;
		};
/* End XCConfigurationList section */
	};
	rootObject = CEEBE9EA20BF9306001497EE /* Project object */;
}
